lockfileVersion: '6.0'

settings:
  autoInstallPeers: true
  excludeLinksFromLockfile: false

dependencies:
  lodash-es:
    specifier: ^4.17.21
    version: 4.17.21
  mitt:
    specifier: ^3.0.0
    version: 3.0.1
  solid-js:
    specifier: ^1.7.8
    version: 1.8.1

packages:

  /csstype@3.1.2:
    resolution: {integrity: sha512-I7K1Uu0MBPzaFKg4nI5Q7Vs2t+3gWWW648spaF+Rg7pI9ds18Ugn+lvg4SHczUdKlHI5LWBXyqfS8+DufyBsgQ==}
    dev: false

  /lodash-es@4.17.21:
    resolution: {integrity: sha512-mKnC+QJ9pWVzv+C4/U3rRsHapFfHvQFoFB92e52xeyGMcX6/OlIl78je1u8vePzYZSkkogMPJ2yjxxsb89cxyw==}
    dev: false

  /mitt@3.0.1:
    resolution: {integrity: sha512-vKivATfr97l2/QBCYAkXYDbrIWPM2IIKEl7YPhjCvKlG3kE2gm+uBo6nEXK3M5/Ffh/FLpKExzOQ3JJoJGFKBw==}
    dev: false

  /seroval@0.10.4:
    resolution: {integrity: sha512-TdaE9JkoATjKu+vjwllieX8zWyBTUVxbgWDnOsDJFfmKbM7vLSukuCXuD3pO3kkCtX4daywOW8ps2VCdPhS8/w==}
    engines: {node: '>=10'}
    dev: false

  /solid-js@1.8.1:
    resolution: {integrity: sha512-HU4tB/vWY5/0P9GzbvePjK1aucNqUcF1XlAirZBjKkrkWG8XNIN9HSjscTC/nbl3A6JWjrW+OLcPEvWxsMhdng==}
    dependencies:
      csstype: 3.1.2
      seroval: 0.10.4
    dev: false
